Microsoft Visual Studio Solution File, Format Version 12.00
# Visual Studio Version 17
VisualStudioVersion = 17.5.2.0
MinimumVisualStudioVersion = 10.0.40219.1
Project("{FAE04EC0-301F-11D3-BF4B-00C04F79EFBC}") = "AT-CSharp", "AT-CSharp.csproj", "{C3B71B14-C922-EEB4-8D34-C560330E4DA6}"
EndProject
Global
	GlobalSection(SolutionConfigurationPlatforms) = preSolution
		Debug|Any CPU = Debug|Any CPU
		Release|Any CPU = Release|Any CPU
	EndGlobalSection
	GlobalSection(ProjectConfigurationPlatforms) = postSolution
		{C3B71B14-C922-EEB4-8D34-C560330E4DA6}.Debug|Any CPU.ActiveCfg = Debug|Any CPU
		{C3B71B14-C922-EEB4-8D34-C560330E4DA6}.Debug|Any CPU.Build.0 = Debug|Any CPU
		{C3B71B14-C922-EEB4-8D34-C560330E4DA6}.Release|Any CPU.ActiveCfg = Release|Any CPU
		{C3B71B14-C922-EEB4-8D34-C560330E4DA6}.Release|Any CPU.Build.0 = Release|Any CPU
	EndGlobalSection
	GlobalSection(SolutionProperties) = preSolution
		HideSolutionNode = FALSE
	EndGlobalSection
	GlobalSection(ExtensibilityGlobals) = postSolution
		SolutionGuid = {06C2F5A2-6284-4275-8145-0C9744C01A48}
	EndGlobalSection
EndGlobal
